
Microsoft Visual Studio Solution File, Format Version 12.00
# Visual Studio Version 17
VisualStudioVersion = 17.11.35327.3
MinimumVisualStudioVersion = 10.0.40219.1
Project("{FAE04EC0-301F-11D3-BF4B-00C04F79EFBC}") = "WebApplication1", "WebApplication1\WebApplication1.csproj", "{2C6C987A-9346-4280-8DC2-151A610DEB8E}"
EndProject
Global
	GlobalSection(SolutionConfigurationPlatforms) = preSolution
		Debug|Any CPU = Debug|Any CPU
		Release|Any CPU = Release|Any CPU
	EndGlobalSection
	GlobalSection(ProjectConfigurationPlatforms) = postSolution
		{2C6C987A-9346-4280-8DC2-151A610DEB8E}.Debug|Any CPU.ActiveCfg = Debug|Any CPU
		{2C6C987A-9346-4280-8DC2-151A610DEB8E}.Debug|Any CPU.Build.0 = Debug|Any CPU
		{2C6C987A-9346-4280-8DC2-151A610DEB8E}.Release|Any CPU.ActiveCfg = Release|Any CPU
		{2C6C987A-9346-4280-8DC2-151A610DEB8E}.Release|Any CPU.Build.0 = Release|Any CPU
	EndGlobalSection
	GlobalSection(SolutionProperties) = preSolution
		HideSolutionNode = FALSE
	EndGlobalSection
	GlobalSection(ExtensibilityGlobals) = postSolution
		SolutionGuid = {610FC00D-F9FC-42F5-9019-1951F4FAE81D}
	EndGlobalSection
EndGlobal
